
Microsoft Visual Studio Solution File, Format Version 12.00
# Visual Studio Version 16
VisualStudioVersion = 16.0.31702.278
MinimumVisualStudioVersion = 10.0.40219.1
Project("{FAE04EC0-301F-11D3-BF4B-00C04F79EFBC}") = "PDFTest", "PDFTest\PDFTest.csproj", "{B1A8000B-9893-4EAE-A9F9-D86EF6B76DC5}"
EndProject
Global
	GlobalSection(SolutionConfigurationPlatforms) = preSolution
		Debug|Any CPU = Debug|Any CPU
		Release|Any CPU = Release|Any CPU
	EndGlobalSection
	GlobalSection(ProjectConfigurationPlatforms) = postSolution
		{B1A8000B-9893-4EAE-A9F9-D86EF6B76DC5}.Debug|Any CPU.ActiveCfg = Debug|Any CPU
		{B1A8000B-9893-4EAE-A9F9-D86EF6B76DC5}.Debug|Any CPU.Build.0 = Debug|Any CPU
		{B1A8000B-9893-4EAE-A9F9-D86EF6B76DC5}.Release|Any CPU.ActiveCfg = Release|Any CPU
		{B1A8000B-9893-4EAE-A9F9-D86EF6B76DC5}.Release|Any CPU.Build.0 = Release|Any CPU
	EndGlobalSection
	GlobalSection(SolutionProperties) = preSolution
		HideSolutionNode = FALSE
	EndGlobalSection
	GlobalSection(ExtensibilityGlobals) = postSolution
		SolutionGuid = {A13435DC-99FF-4350-A65A-DCF8A6D5ABE3}
	EndGlobalSection
EndGlobal
